<?xml version="1.0" encoding="utf-8"?>
<Project ToolsVersion="16.0" xmlns="http://schemas.microsoft.com/developer/msbuild/2003">
  <ItemGroup>
    <ClCompile Include="H:\cmy\123\jsoncpp-master\src\lib_json\json_reader.cpp">
      <Filter>Source Files</Filter>
    </ClCompile>
    <ClCompile Include="H:\cmy\123\jsoncpp-master\src\lib_json\json_value.cpp">
      <Filter>Source Files</Filter>
    </ClCompile>
    <ClCompile Include="H:\cmy\123\jsoncpp-master\src\lib_json\json_writer.cpp">
      <Filter>Source Files</Filter>
    </ClCompile>
  </ItemGroup>
  <ItemGroup>
    <ClInclude Include="H:\cmy\123\jsoncpp-master\include\json\config.h">
      <Filter>Public API</Filter>
    </ClInclude>
    <ClInclude Include="H:\cmy\123\jsoncpp-master\include\json\forwards.h">
      <Filter>Public API</Filter>
    </ClInclude>
    <ClInclude Include="H:\cmy\123\jsoncpp-master\include\json\json_features.h">
      <Filter>Public API</Filter>
    </ClInclude>
    <ClInclude Include="H:\cmy\123\jsoncpp-master\include\json\value.h">
      <Filter>Public API</Filter>
    </ClInclude>
    <ClInclude Include="H:\cmy\123\jsoncpp-master\include\json\reader.h">
      <Filter>Public API</Filter>
    </ClInclude>
    <ClInclude Include="H:\cmy\123\jsoncpp-master\include\json\version.h">
      <Filter>Public API</Filter>
    </ClInclude>
    <ClInclude Include="H:\cmy\123\jsoncpp-master\include\json\writer.h">
      <Filter>Public API</Filter>
    </ClInclude>
    <ClInclude Include="H:\cmy\123\jsoncpp-master\include\json\assertions.h">
      <Filter>Public API</Filter>
    </ClInclude>
    <ClInclude Include="H:\cmy\123\jsoncpp-master\src\lib_json\json_tool.h">
      <Filter>Header Files</Filter>
    </ClInclude>
    <ClInclude Include="H:\cmy\123\jsoncpp-master\src\lib_json\json_valueiterator.inl">
      <Filter>Header Files</Filter>
    </ClInclude>
  </ItemGroup>
  <ItemGroup>
    <CustomBuild Include="H:\cmy\123\jsoncpp-master\src\lib_json\CMakeLists.txt" />
  </ItemGroup>
  <ItemGroup>
    <Filter Include="Header Files">
      <UniqueIdentifier>{7AF6F4C2-7831-3AAA-B59D-4995503CD56C}</UniqueIdentifier>
    </Filter>
    <Filter Include="Public API">
      <UniqueIdentifier>{C9586484-4948-3C74-83D0-A6A5F85EE063}</UniqueIdentifier>
    </Filter>
    <Filter Include="Source Files">
      <UniqueIdentifier>{28629C57-0107-3BCD-9665-2EB55C57C95A}</UniqueIdentifier>
    </Filter>
  </ItemGroup>
</Project>
